{
  "name": "@repo/wissen",
  "version": "0.0.0",
  "lockfileVersion": 3,
  "requires": true,
  "packages": {
    "": {
      "name": "@repo/wissen",
      "version": "0.0.0",
      "dependencies": {
        "@jon-zuka/solidjs-ui": "file:../../lib/solidjs-ui"
      }
    },
    "../../lib/solidjs-ui": {
      "name": "@repo/solidjs-ui",
      "version": "0.0.3",
      "dependencies": {
        "polished": "^4.3.1",
        "solid-styled-components": "^0.28.5"
      },
      "devDependencies": {
        "@microsoft/api-extractor": "^7.47.6",
        "@types/fs-extra": "^11.0.4",
        "esbuild": "^0.23.1",
        "fs-extra": "^11.2.0",
        "solid-js": "^1.8.21",
        "typescript": "^5.5.4",
        "vite": "^5.4.0",
        "vite-plugin-solid": "^2.10.2"
      }
    },
    "node_modules/@jon-zuka/solidjs-ui": {
      "resolved": "../../lib/solidjs-ui",
      "link": true
    }
  }
}
